// !$*UTF8*$!
{
	archiveVersion = 1;
	classes = {
	};
	objectVersion = 46;
	objects = {

/* Begin PBXBuildFile section */
		BC2D35901E671C9C0027CEA9 /* AppDelegate.swift in Sources */ = {isa = PBXBuildFile; fileRef = BC2D358F1E671C9C0027CEA9 /* AppDelegate.swift */; };
		BC2D35921E671C9C0027CEA9 /* ViewController.swift in Sources */ = {isa = PBXBuildFile; fileRef = BC2D35911E671C9C0027CEA9 /* ViewController.swift */; };
		BC2D35951E671C9C0027CEA9 /* Main.storyboard in Resources */ = {isa = PBXBuildFile; fileRef = BC2D35931E671C9C0027CEA9 /* Main.storyboard */; };
		BC2D35971E671C9C0027CEA9 /* Assets.xcassets in Resources */ = {isa = PBXBuildFile; fileRef = BC2D35961E671C9C0027CEA9 /* Assets.xcassets */; };
		BC2D359A1E671C9C0027CEA9 /* LaunchScreen.storyboard in Resources */ = {isa = PBXBuildFile; fileRef = BC2D35981E671C9C0027CEA9 /* LaunchScreen.storyboard */; };
		BC2D35A51E671C9C0027CEA9 /* ScreenshotSharerTests.swift in Sources */ = {isa = PBXBuildFile; fileRef = BC2D35A41E671C9C0027CEA9 /* ScreenshotSharerTests.swift */; };
		BC2D35B01E671C9C0027CEA9 /* ScreenshotSharerUITests.swift in Sources */ = {isa = PBXBuildFile; fileRef = BC2D35AF1E671C9C0027CEA9 /* ScreenshotSharerUITests.swift */; };
		BCCD2E321E673C2E00B52C04 /* ScreenshotSharer.swift in Sources */ = {isa = PBXBuildFile; fileRef = BCCD2E281E673C2E00B52C04 /* ScreenshotSharer.swift */; };
		BCCD2E331E673C2E00B52C04 /* ScreenshotSharerViewController.swift in Sources */ = {isa = PBXBuildFile; fileRef = BCCD2E291E673C2E00B52C04 /* ScreenshotSharerViewController.swift */; };
		BCCD2E341E673C2E00B52C04 /* ic_dismiss.png in Resources */ = {isa = PBXBuildFile; fileRef = BCCD2E2D1E673C2E00B52C04 /* ic_dismiss.png */; };
		BCCD2E351E673C2E00B52C04 /* ic_dismiss@2x.png in Resources */ = {isa = PBXBuildFile; fileRef = BCCD2E2E1E673C2E00B52C04 /* ic_dismiss@2x.png */; };
		BCCD2E361E673C2E00B52C04 /* ic_dismiss@3x.png in Resources */ = {isa = PBXBuildFile; fileRef = BCCD2E2F1E673C2E00B52C04 /* ic_dismiss@3x.png */; };
		BCCD2E371E673C2E00B52C04 /* ScreenshotSharerMinimal.swift in Sources */ = {isa = PBXBuildFile; fileRef = BCCD2E301E673C2E00B52C04 /* ScreenshotSharerMinimal.swift */; };
		BCCD2E381E673C2E00B52C04 /* ScreenshotSharerMinimal.xib in Resources */ = {isa = PBXBuildFile; fileRef = BCCD2E311E673C2E00B52C04 /* ScreenshotSharerMinimal.xib */; };
/* End PBXBuildFile section */

/* Begin PBXContainerItemProxy section */
		BC2D35A11E671C9C0027CEA9 /* PBXContainerItemProxy */ = {
			isa = PBXContainerItemProxy;
			containerPortal = BC2D35841E671C9C0027CEA9 /* Project object */;
			proxyType = 1;
			remoteGlobalIDString = BC2D358B1E671C9C0027CEA9;
			remoteInfo = ScreenshotSharer;
		};
		BC2D35AC1E671C9C0027CEA9 /* PBXContainerItemProxy */ = {
			isa = PBXContainerItemProxy;
			containerPortal = BC2D35841E671C9C0027CEA9 /* Project object */;
			proxyType = 1;
			remoteGlobalIDString = BC2D358B1E671C9C0027CEA9;
			remoteInfo = ScreenshotSharer;
		};
/* End PBXContainerItemProxy section */

/* Begin PBXFileReference section */
		BC2D358C1E671C9C0027CEA9 /* ScreenshotSharer.app */ = {isa = PBXFileReference; explicitFileType = wrapper.application; includeInIndex = 0; path = ScreenshotSharer.app; sourceTree = BUILT_PRODUCTS_DIR; };
		BC2D358F1E671C9C0027CEA9 /* AppDelegate.swift */ = {isa = PBXFileReference; lastKnownFileType = sourcecode.swift; path = AppDelegate.swift; sourceTree = "<group>"; };
		BC2D35911E671C9C0027CEA9 /* ViewController.swift */ = {isa = PBXFileReference; lastKnownFileType = sourcecode.swift; path = ViewController.swift; sourceTree = "<group>"; };
		BC2D35941E671C9C0027CEA9 /* Base */ = {isa = PBXFileReference; lastKnownFileType = file.storyboard; name = Base; path = Base.lproj/Main.storyboard; sourceTree = "<group>"; };
		BC2D35961E671C9C0027CEA9 /* Assets.xcassets */ = {isa = PBXFileReference; lastKnownFileType = folder.assetcatalog; path = Assets.xcassets; sourceTree = "<group>"; };
		BC2D35991E671C9C0027CEA9 /* Base */ = {isa = PBXFileReference; lastKnownFileType = file.storyboard; name = Base; path = Base.lproj/LaunchScreen.storyboard; sourceTree = "<group>"; };
		BC2D359B1E671C9C0027CEA9 /* Info.plist */ = {isa = PBXFileReference; lastKnownFileType = text.plist.xml; path = Info.plist; sourceTree = "<group>"; };
		BC2D35A01E671C9C0027CEA9 /* ScreenshotSharerTests.xctest */ = {isa = PBXFileReference; explicitFileType = wrapper.cfbundle; includeInIndex = 0; path = ScreenshotSharerTests.xctest; sourceTree = BUILT_PRODUCTS_DIR; };
		BC2D35A41E671C9C0027CEA9 /* ScreenshotSharerTests.swift */ = {isa = PBXFileReference; lastKnownFileType = sourcecode.swift; path = ScreenshotSharerTests.swift; sourceTree = "<group>"; };
		BC2D35A61E671C9C0027CEA9 /* Info.plist */ = {isa = PBXFileReference; lastKnownFileType = text.plist.xml; path = Info.plist; sourceTree = "<group>"; };
		BC2D35AB1E671C9C0027CEA9 /* ScreenshotSharerUITests.xctest */ = {isa = PBXFileReference; explicitFileType = wrapper.cfbundle; includeInIndex = 0; path = ScreenshotSharerUITests.xctest; sourceTree = BUILT_PRODUCTS_DIR; };
		BC2D35AF1E671C9C0027CEA9 /* ScreenshotSharerUITests.swift */ = {isa = PBXFileReference; lastKnownFileType = sourcecode.swift; path = ScreenshotSharerUITests.swift; sourceTree = "<group>"; };
		BC2D35B11E671C9C0027CEA9 /* Info.plist */ = {isa = PBXFileReference; lastKnownFileType = text.plist.xml; path = Info.plist; sourceTree = "<group>"; };
		BCCD2E281E673C2E00B52C04 /* ScreenshotSharer.swift */ = {isa = PBXFileReference; fileEncoding = 4; lastKnownFileType = sourcecode.swift; path = ScreenshotSharer.swift; sourceTree = "<group>"; };
		BCCD2E291E673C2E00B52C04 /* ScreenshotSharerViewController.swift */ = {isa = PBXFileReference; fileEncoding = 4; lastKnownFileType = sourcecode.swift; path = ScreenshotSharerViewController.swift; sourceTree = "<group>"; };
		BCCD2E2D1E673C2E00B52C04 /* ic_dismiss.png */ = {isa = PBXFileReference; lastKnownFileType = image.png; path = ic_dismiss.png; sourceTree = "<group>"; };
		BCCD2E2E1E673C2E00B52C04 /* ic_dismiss@2x.png */ = {isa = PBXFileReference; lastKnownFileType = image.png; path = "ic_dismiss@2x.png"; sourceTree = "<group>"; };
		BCCD2E2F1E673C2E00B52C04 /* ic_dismiss@3x.png */ = {isa = PBXFileReference; lastKnownFileType = image.png; path = "ic_dismiss@3x.png"; sourceTree = "<group>"; };
		BCCD2E301E673C2E00B52C04 /* ScreenshotSharerMinimal.swift */ = {isa = PBXFileReference; fileEncoding = 4; lastKnownFileType = sourcecode.swift; path = ScreenshotSharerMinimal.swift; sourceTree = "<group>"; };
		BCCD2E311E673C2E00B52C04 /* ScreenshotSharerMinimal.xib */ = {isa = PBXFileReference; fileEncoding = 4; lastKnownFileType = file.xib; path = ScreenshotSharerMinimal.xib; sourceTree = "<group>"; };
/* End PBXFileReference section */

/* Begin PBXFrameworksBuildPhase section */
		BC2D35891E671C9C0027CEA9 /* Frameworks */ = {
			isa = PBXFrameworksBuildPhase;
			buildActionMask = 2147483647;
			files = (
			);
			runOnlyForDeploymentPostprocessing = 0;
		};
		BC2D359D1E671C9C0027CEA9 /* Frameworks */ = {
			isa = PBXFrameworksBuildPhase;
			buildActionMask = 2147483647;
			files = (
			);
			runOnlyForDeploymentPostprocessing = 0;
		};
		BC2D35A81E671C9C0027CEA9 /* Frameworks */ = {
			isa = PBXFrameworksBuildPhase;
			buildActionMask = 2147483647;
			files = (
			);
			runOnlyForDeploymentPostprocessing = 0;
		};
/* End PBXFrameworksBuildPhase section */

/* Begin PBXGroup section */
		BC2D35831E671C9C0027CEA9 = {
			isa = PBXGroup;
			children = (
				BC2D358E1E671C9C0027CEA9 /* ScreenshotSharer */,
				BC2D35A31E671C9C0027CEA9 /* ScreenshotSharerTests */,
				BC2D35AE1E671C9C0027CEA9 /* ScreenshotSharerUITests */,
				BC2D358D1E671C9C0027CEA9 /* Products */,
			);
			sourceTree = "<group>";
		};
		BC2D358D1E671C9C0027CEA9 /* Products */ = {
			isa = PBXGroup;
			children = (
				BC2D358C1E671C9C0027CEA9 /* ScreenshotSharer.app */,
				BC2D35A01E671C9C0027CEA9 /* ScreenshotSharerTests.xctest */,
				BC2D35AB1E671C9C0027CEA9 /* ScreenshotSharerUITests.xctest */,
			);
			name = Products;
			sourceTree = "<group>";
		};
		BC2D358E1E671C9C0027CEA9 /* ScreenshotSharer */ = {
			isa = PBXGroup;
			children = (
				BCCD2E271E673C2E00B52C04 /* Source */,
				BC2D358F1E671C9C0027CEA9 /* AppDelegate.swift */,
				BC2D35911E671C9C0027CEA9 /* ViewController.swift */,
				BC2D35931E671C9C0027CEA9 /* Main.storyboard */,
				BC2D35961E671C9C0027CEA9 /* Assets.xcassets */,
				BC2D35981E671C9C0027CEA9 /* LaunchScreen.storyboard */,
				BC2D359B1E671C9C0027CEA9 /* Info.plist */,
			);
			path = ScreenshotSharer;
			sourceTree = "<group>";
		};
		BC2D35A31E671C9C0027CEA9 /* ScreenshotSharerTests */ = {
			isa = PBXGroup;
			children = (
				BC2D35A41E671C9C0027CEA9 /* ScreenshotSharerTests.swift */,
				BC2D35A61E671C9C0027CEA9 /* Info.plist */,
			);
			path = ScreenshotSharerTests;
			sourceTree = "<group>";
		};
		BC2D35AE1E671C9C0027CEA9 /* ScreenshotSharerUITests */ = {
			isa = PBXGroup;
			children = (
				BC2D35AF1E671C9C0027CEA9 /* ScreenshotSharerUITests.swift */,
				BC2D35B11E671C9C0027CEA9 /* Info.plist */,
			);
			path = ScreenshotSharerUITests;
			sourceTree = "<group>";
		};
		BCCD2E271E673C2E00B52C04 /* Source */ = {
			isa = PBXGroup;
			children = (
				BCCD2E281E673C2E00B52C04 /* ScreenshotSharer.swift */,
				BCCD2E291E673C2E00B52C04 /* ScreenshotSharerViewController.swift */,
				BCCD2E2A1E673C2E00B52C04 /* Skins */,
			);
			path = Source;
			sourceTree = "<group>";
		};
		BCCD2E2A1E673C2E00B52C04 /* Skins */ = {
			isa = PBXGroup;
			children = (
				BCCD2E2B1E673C2E00B52C04 /* Minimal */,
			);
			path = Skins;
			sourceTree = "<group>";
		};
		BCCD2E2B1E673C2E00B52C04 /* Minimal */ = {
			isa = PBXGroup;
			children = (
				BCCD2E2C1E673C2E00B52C04 /* Assets */,
				BCCD2E301E673C2E00B52C04 /* ScreenshotSharerMinimal.swift */,
				BCCD2E311E673C2E00B52C04 /* ScreenshotSharerMinimal.xib */,
			);
			path = Minimal;
			sourceTree = "<group>";
		};
		BCCD2E2C1E673C2E00B52C04 /* Assets */ = {
			isa = PBXGroup;
			children = (
				BCCD2E2D1E673C2E00B52C04 /* ic_dismiss.png */,
				BCCD2E2E1E673C2E00B52C04 /* ic_dismiss@2x.png */,
				BCCD2E2F1E673C2E00B52C04 /* ic_dismiss@3x.png */,
			);
			path = Assets;
			sourceTree = "<group>";
		};
/* End PBXGroup section */

/* Begin PBXNativeTarget section */
		BC2D358B1E671C9C0027CEA9 /* ScreenshotSharer */ = {
			isa = PBXNativeTarget;
			buildConfigurationList = BC2D35B41E671C9C0027CEA9 /* Build configuration list for PBXNativeTarget "ScreenshotSharer" */;
			buildPhases = (
				BC2D35881E671C9C0027CEA9 /* Sources */,
				BC2D35891E671C9C0027CEA9 /* Frameworks */,
				BC2D358A1E671C9C0027CEA9 /* Resources */,
			);
			buildRules = (
			);
			dependencies = (
			);
			name = ScreenshotSharer;
			productName = ScreenshotSharer;
			productReference = BC2D358C1E671C9C0027CEA9 /* ScreenshotSharer.app */;
			productType = "com.apple.product-type.application";
		};
		BC2D359F1E671C9C0027CEA9 /* ScreenshotSharerTests */ = {
			isa = PBXNativeTarget;
			buildConfigurationList = BC2D35B71E671C9C0027CEA9 /* Build configuration list for PBXNativeTarget "ScreenshotSharerTests" */;
			buildPhases = (
				BC2D359C1E671C9C0027CEA9 /* Sources */,
				BC2D359D1E671C9C0027CEA9 /* Frameworks */,
				BC2D359E1E671C9C0027CEA9 /* Resources */,
			);
			buildRules = (
			);
			dependencies = (
				BC2D35A21E671C9C0027CEA9 /* PBXTargetDependency */,
			);
			name = ScreenshotSharerTests;
			productName = ScreenshotSharerTests;
			productReference = BC2D35A01E671C9C0027CEA9 /* ScreenshotSharerTests.xctest */;
			productType = "com.apple.product-type.bundle.unit-test";
		};
		BC2D35AA1E671C9C0027CEA9 /* ScreenshotSharerUITests */ = {
			isa = PBXNativeTarget;
			buildConfigurationList = BC2D35BA1E671C9C0027CEA9 /* Build configuration list for PBXNativeTarget "ScreenshotSharerUITests" */;
			buildPhases = (
				BC2D35A71E671C9C0027CEA9 /* Sources */,
				BC2D35A81E671C9C0027CEA9 /* Frameworks */,
				BC2D35A91E671C9C0027CEA9 /* Resources */,
			);
			buildRules = (
			);
			dependencies = (
				BC2D35AD1E671C9C0027CEA9 /* PBXTargetDependency */,
			);
			name = ScreenshotSharerUITests;
			productName = ScreenshotSharerUITests;
			productReference = BC2D35AB1E671C9C0027CEA9 /* ScreenshotSharerUITests.xctest */;
			productType = "com.apple.product-type.bundle.ui-testing";
		};
/* End PBXNativeTarget section */

/* Begin PBXProject section */
		BC2D35841E671C9C0027CEA9 /* Project object */ = {
			isa = PBXProject;
			attributes = {
				LastSwiftUpdateCheck = 0820;
				LastUpgradeCheck = 0820;
				ORGANIZATIONNAME = "Yagiz Gurgul";
				TargetAttributes = {
					BC2D358B1E671C9C0027CEA9 = {
						CreatedOnToolsVersion = 8.2.1;
						DevelopmentTeam = 94RE284J9Z;
						ProvisioningStyle = Automatic;
					};
					BC2D359F1E671C9C0027CEA9 = {
						CreatedOnToolsVersion = 8.2.1;
						DevelopmentTeam = 94RE284J9Z;
						ProvisioningStyle = Automatic;
						TestTargetID = BC2D358B1E671C9C0027CEA9;
					};
					BC2D35AA1E671C9C0027CEA9 = {
						CreatedOnToolsVersion = 8.2.1;
						DevelopmentTeam = 94RE284J9Z;
						ProvisioningStyle = Automatic;
						TestTargetID = BC2D358B1E671C9C0027CEA9;
					};
				};
			};
			buildConfigurationList = BC2D35871E671C9C0027CEA9 /* Build configuration list for PBXProject "ScreenshotSharer" */;
			compatibilityVersion = "Xcode 3.2";
			developmentRegion = English;
			hasScannedForEncodings = 0;
			knownRegions = (
				en,
				Base,
			);
			mainGroup = BC2D35831E671C9C0027CEA9;
			productRefGroup = BC2D358D1E671C9C0027CEA9 /* Products */;
			projectDirPath = "";
			projectRoot = "";
			targets = (
				BC2D358B1E671C9C0027CEA9 /* ScreenshotSharer */,
				BC2D359F1E671C9C0027CEA9 /* ScreenshotSharerTests */,
				BC2D35AA1E671C9C0027CEA9 /* ScreenshotSharerUITests */,
			);
		};
/* End PBXProject section */

/* Begin PBXResourcesBuildPhase section */
		BC2D358A1E671C9C0027CEA9 /* Resources */ = {
			isa = PBXResourcesBuildPhase;
			buildActionMask = 2147483647;
			files = (
				BCCD2E351E673C2E00B52C04 /* ic_dismiss@2x.png in Resources */,
				BCCD2E381E673C2E00B52C04 /* ScreenshotSharerMinimal.xib in Resources */,
				BCCD2E341E673C2E00B52C04 /* ic_dismiss.png in Resources */,
				BC2D359A1E671C9C0027CEA9 /* LaunchScreen.storyboard in Resources */,
				BC2D35971E671C9C0027CEA9 /* Assets.xcassets in Resources */,
				BCCD2E361E673C2E00B52C04 /* ic_dismiss@3x.png in Resources */,
				BC2D35951E671C9C0027CEA9 /* Main.storyboard in Resources */,
			);
			runOnlyForDeploymentPostprocessing = 0;
		};
		BC2D359E1E671C9C0027CEA9 /* Resources */ = {
			isa = PBXResourcesBuildPhase;
			buildActionMask = 2147483647;
			files = (
			);
			runOnlyForDeploymentPostprocessing = 0;
		};
		BC2D35A91E671C9C0027CEA9 /* Resources */ = {
			isa = PBXResourcesBuildPhase;
			buildActionMask = 2147483647;
			files = (
			);
			runOnlyForDeploymentPostprocessing = 0;
		};
/* End PBXResourcesBuildPhase section */

/* Begin PBXSourcesBuildPhase section */
		BC2D35881E671C9C0027CEA9 /* Sources */ = {
			isa = PBXSourcesBuildPhase;
			buildActionMask = 2147483647;
			files = (
				BC2D35921E671C9C0027CEA9 /* ViewController.swift in Sources */,
				BCCD2E331E673C2E00B52C04 /* ScreenshotSharerViewController.swift in Sources */,
				BCCD2E321E673C2E00B52C04 /* ScreenshotSharer.swift in Sources */,
				BCCD2E371E673C2E00B52C04 /* ScreenshotSharerMinimal.swift in Sources */,
				BC2D35901E671C9C0027CEA9 /* AppDelegate.swift in Sources */,
			);
			runOnlyForDeploymentPostprocessing = 0;
		};
		BC2D359C1E671C9C0027CEA9 /* Sources */ = {
			isa = PBXSourcesBuildPhase;
			buildActionMask = 2147483647;
			files = (
				BC2D35A51E671C9C0027CEA9 /* ScreenshotSharerTests.swift in Sources */,
			);
			runOnlyForDeploymentPostprocessing = 0;
		};
		BC2D35A71E671C9C0027CEA9 /* Sources */ = {
			isa = PBXSourcesBuildPhase;
			buildActionMask = 2147483647;
			files = (
				BC2D35B01E671C9C0027CEA9 /* ScreenshotSharerUITests.swift in Sources */,
			);
			runOnlyForDeploymentPostprocessing = 0;
		};
/* End PBXSourcesBuildPhase section */

/* Begin PBXTargetDependency section */
		BC2D35A21E671C9C0027CEA9 /* PBXTargetDependency */ = {
			isa = PBXTargetDependency;
			target = BC2D358B1E671C9C0027CEA9 /* ScreenshotSharer */;
			targetProxy = BC2D35A11E671C9C0027CEA9 /* PBXContainerItemProxy */;
		};
		BC2D35AD1E671C9C0027CEA9 /* PBXTargetDependency */ = {
			isa = PBXTargetDependency;
			target = BC2D358B1E671C9C0027CEA9 /* ScreenshotSharer */;
			targetProxy = BC2D35AC1E671C9C0027CEA9 /* PBXContainerItemProxy */;
		};
/* End PBXTargetDependency section */

/* Begin PBXVariantGroup section */
		BC2D35931E671C9C0027CEA9 /* Main.storyboard */ = {
			isa = PBXVariantGroup;
			children = (
				BC2D35941E671C9C0027CEA9 /* Base */,
			);
			name = Main.storyboard;
			sourceTree = "<group>";
		};
		BC2D35981E671C9C0027CEA9 /* LaunchScreen.storyboard */ = {
			isa = PBXVariantGroup;
			children = (
				BC2D35991E671C9C0027CEA9 /* Base */,
			);
			name = LaunchScreen.storyboard;
			sourceTree = "<group>";
		};
/* End PBXVariantGroup section */

/* Begin XCBuildConfiguration section */
		BC2D35B21E671C9C0027CEA9 /* Debug */ = {
			isa = XCBuildConfiguration;
			buildSettings = {
				ALWAYS_SEARCH_USER_PATHS = NO;
				CLANG_ANALYZER_NONNULL = YES;
				CLANG_CXX_LANGUAGE_STANDARD = "gnu++0x";
				CLANG_CXX_LIBRARY = "libc++";
				CLANG_ENABLE_MODULES = YES;
				CLANG_ENABLE_OBJC_ARC = YES;
				CLANG_WARN_BOOL_CONVERSION = YES;
				CLANG_WARN_CONSTANT_CONVERSION = YES;
				CLANG_WARN_DIRECT_OBJC_ISA_USAGE = YES_ERROR;
				CLANG_WARN_DOCUMENTATION_COMMENTS = YES;
				CLANG_WARN_EMPTY_BODY = YES;
				CLANG_WARN_ENUM_CONVERSION = YES;
				CLANG_WARN_INFINITE_RECURSION = YES;
				CLANG_WARN_INT_CONVERSION = YES;
				CLANG_WARN_OBJC_ROOT_CLASS = YES_ERROR;
				CLANG_WARN_SUSPICIOUS_MOVE = YES;
				CLANG_WARN_UNREACHABLE_CODE = YES;
				CLANG_WARN__DUPLICATE_METHOD_MATCH = YES;
				"CODE_SIGN_IDENTITY[sdk=iphoneos*]" = "iPhone Developer";
				COPY_PHASE_STRIP = NO;
				DEBUG_INFORMATION_FORMAT = dwarf;
				ENABLE_STRICT_OBJC_MSGSEND = YES;
				ENABLE_TESTABILITY = YES;
				GCC_C_LANGUAGE_STANDARD = gnu99;
				GCC_DYNAMIC_NO_PIC = NO;
				GCC_NO_COMMON_BLOCKS = YES;
				GCC_OPTIMIZATION_LEVEL = 0;
				GCC_PREPROCESSOR_DEFINITIONS = (
					"DEBUG=1",
					"$(inherited)",
				);
				GCC_WARN_64_TO_32_BIT_CONVERSION = YES;
				GCC_WARN_ABOUT_RETURN_TYPE = YES_ERROR;
				GCC_WARN_UNDECLARED_SELECTOR = YES;
				GCC_WARN_UNINITIALIZED_AUTOS = YES_AGGRESSIVE;
				GCC_WARN_UNUSED_FUNCTION = YES;
				GCC_WARN_UNUSED_VARIABLE = YES;
				IPHONEOS_DEPLOYMENT_TARGET = 10.2;
				MTL_ENABLE_DEBUG_INFO = YES;
				ONLY_ACTIVE_ARCH = YES;
				SDKROOT = iphoneos;
				SWIFT_ACTIVE_COMPILATION_CONDITIONS = DEBUG;
				SWIFT_OPTIMIZATION_LEVEL = "-Onone";
				TARGETED_DEVICE_FAMILY = "1,2";
			};
			name = Debug;
		};
		BC2D35B31E671C9C0027CEA9 /* Release */ = {
			isa = XCBuildConfiguration;
			buildSettings = {
				ALWAYS_SEARCH_USER_PATHS = NO;
				CLANG_ANALYZER_NONNULL = YES;
				CLANG_CXX_LANGUAGE_STANDARD = "gnu++0x";
				CLANG_CXX_LIBRARY = "libc++";
				CLANG_ENABLE_MODULES = YES;
				CLANG_ENABLE_OBJC_ARC = YES;
				CLANG_WARN_BOOL_CONVERSION = YES;
				CLANG_WARN_CONSTANT_CONVERSION = YES;
				CLANG_WARN_DIRECT_OBJC_ISA_USAGE = YES_ERROR;
				CLANG_WARN_DOCUMENTATION_COMMENTS = YES;
				CLANG_WARN_EMPTY_BODY = YES;
				CLANG_WARN_ENUM_CONVERSION = YES;
				CLANG_WARN_INFINITE_RECURSION = YES;
				CLANG_WARN_INT_CONVERSION = YES;
				CLANG_WARN_OBJC_ROOT_CLASS = YES_ERROR;
				CLANG_WARN_SUSPICIOUS_MOVE = YES;
				CLANG_WARN_UNREACHABLE_CODE = YES;
				CLANG_WARN__DUPLICATE_METHOD_MATCH = YES;
				"CODE_SIGN_IDENTITY[sdk=iphoneos*]" = "iPhone Developer";
				COPY_PHASE_STRIP = NO;
				DEBUG_INFORMATION_FORMAT = "dwarf-with-dsym";
				ENABLE_NS_ASSERTIONS = NO;
				ENABLE_STRICT_OBJC_MSGSEND = YES;
				GCC_C_LANGUAGE_STANDARD = gnu99;
				GCC_NO_COMMON_BLOCKS = YES;
				GCC_WARN_64_TO_32_BIT_CONVERSION = YES;
				GCC_WARN_ABOUT_RETURN_TYPE = YES_ERROR;
				GCC_WARN_UNDECLARED_SELECTOR = YES;
				GCC_WARN_UNINITIALIZED_AUTOS = YES_AGGRESSIVE;
				GCC_WARN_UNUSED_FUNCTION = YES;
				GCC_WARN_UNUSED_VARIABLE = YES;
				IPHONEOS_DEPLOYMENT_TARGET = 10.2;
				MTL_ENABLE_DEBUG_INFO = NO;
				SDKROOT = iphoneos;
				SWIFT_OPTIMIZATION_LEVEL = "-Owholemodule";
				TARGETED_DEVICE_FAMILY = "1,2";
				VALIDATE_PRODUCT = YES;
			};
			name = Release;
		};
		BC2D35B51E671C9C0027CEA9 /* Debug */ = {
			isa = XCBuildConfiguration;
			buildSettings = {
				ASSETCATALOG_COMPILER_APPICON_NAME = AppIcon;
				DEVELOPMENT_TEAM = 94RE284J9Z;
				INFOPLIST_FILE = ScreenshotSharer/Info.plist;
				IPHONEOS_DEPLOYMENT_TARGET = 8.0;
				LD_RUNPATH_SEARCH_PATHS = "$(inherited) @executable_path/Frameworks";
				PRODUCT_BUNDLE_IDENTIFIER = com.yagiz.lab.ScreenshotSharer;
				PRODUCT_NAME = "$(TARGET_NAME)";
				SWIFT_VERSION = 3.0;
			};
			name = Debug;
		};
		BC2D35B61E671C9C0027CEA9 /* Release */ = {
			isa = XCBuildConfiguration;
			buildSettings = {
				ASSETCATALOG_COMPILER_APPICON_NAME = AppIcon;
				DEVELOPMENT_TEAM = 94RE284J9Z;
				INFOPLIST_FILE = ScreenshotSharer/Info.plist;
				IPHONEOS_DEPLOYMENT_TARGET = 8.0;
				LD_RUNPATH_SEARCH_PATHS = "$(inherited) @executable_path/Frameworks";
				PRODUCT_BUNDLE_IDENTIFIER = com.yagiz.lab.ScreenshotSharer;
				PRODUCT_NAME = "$(TARGET_NAME)";
				SWIFT_VERSION = 3.0;
			};
			name = Release;
		};
		BC2D35B81E671C9C0027CEA9 /* Debug */ = {
			isa = XCBuildConfiguration;
			buildSettings = {
				ALWAYS_EMBED_SWIFT_STANDARD_LIBRARIES = YES;
				BUNDLE_LOADER = "$(TEST_HOST)";
				DEVELOPMENT_TEAM = 94RE284J9Z;
				INFOPLIST_FILE = ScreenshotSharerTests/Info.plist;
				LD_RUNPATH_SEARCH_PATHS = "$(inherited) @executable_path/Frameworks @loader_path/Frameworks";
				PRODUCT_BUNDLE_IDENTIFIER = com.yagiz.lab.ScreenshotSharerTests;
				PRODUCT_NAME = "$(TARGET_NAME)";
				SWIFT_VERSION = 3.0;
				TEST_HOST = "$(BUILT_PRODUCTS_DIR)/ScreenshotSharer.app/ScreenshotSharer";
			};
			name = Debug;
		};
		BC2D35B91E671C9C0027CEA9 /* Release */ = {
			isa = XCBuildConfiguration;
			buildSettings = {
				ALWAYS_EMBED_SWIFT_STANDARD_LIBRARIES = YES;
				BUNDLE_LOADER = "$(TEST_HOST)";
				DEVELOPMENT_TEAM = 94RE284J9Z;
				INFOPLIST_FILE = ScreenshotSharerTests/Info.plist;
				LD_RUNPATH_SEARCH_PATHS = "$(inherited) @executable_path/Frameworks @loader_path/Frameworks";
				PRODUCT_BUNDLE_IDENTIFIER = com.yagiz.lab.ScreenshotSharerTests;
				PRODUCT_NAME = "$(TARGET_NAME)";
				SWIFT_VERSION = 3.0;
				TEST_HOST = "$(BUILT_PRODUCTS_DIR)/ScreenshotSharer.app/ScreenshotSharer";
			};
			name = Release;
		};
		BC2D35BB1E671C9C0027CEA9 /* Debug */ = {
			isa = XCBuildConfiguration;
			buildSettings = {
				ALWAYS_EMBED_SWIFT_STANDARD_LIBRARIES = YES;
				DEVELOPMENT_TEAM = 94RE284J9Z;
				INFOPLIST_FILE = ScreenshotSharerUITests/Info.plist;
				LD_RUNPATH_SEARCH_PATHS = "$(inherited) @executable_path/Frameworks @loader_path/Frameworks";
				PRODUCT_BUNDLE_IDENTIFIER = com.yagiz.lab.ScreenshotSharerUITests;
				PRODUCT_NAME = "$(TARGET_NAME)";
				SWIFT_VERSION = 3.0;
				TEST_TARGET_NAME = ScreenshotSharer;
			};
			name = Debug;
		};
		BC2D35BC1E671C9C0027CEA9 /* Release */ = {
			isa = XCBuildConfiguration;
			buildSettings = {
				ALWAYS_EMBED_SWIFT_STANDARD_LIBRARIES = YES;
				DEVELOPMENT_TEAM = 94RE284J9Z;
				INFOPLIST_FILE = ScreenshotSharerUITests/Info.plist;
				LD_RUNPATH_SEARCH_PATHS = "$(inherited) @executable_path/Frameworks @loader_path/Frameworks";
				PRODUCT_BUNDLE_IDENTIFIER = com.yagiz.lab.ScreenshotSharerUITests;
				PRODUCT_NAME = "$(TARGET_NAME)";
				SWIFT_VERSION = 3.0;
				TEST_TARGET_NAME = ScreenshotSharer;
			};
			name = Release;
		};
/* End XCBuildConfiguration section */

/* Begin XCConfigurationList section */
		BC2D35871E671C9C0027CEA9 /* Build configuration list for PBXProject "ScreenshotSharer" */ = {
			isa = XCConfigurationList;
			buildConfigurations = (
				BC2D35B21E671C9C0027CEA9 /* Debug */,
				BC2D35B31E671C9C0027CEA9 /* Release */,
			);
			defaultConfigurationIsVisible = 0;
			defaultConfigurationName = Release;
		};
		BC2D35B41E671C9C0027CEA9 /* Build configuration list for PBXNativeTarget "ScreenshotSharer" */ = {
			isa = XCConfigurationList;
			buildConfigurations = (
				BC2D35B51E671C9C0027CEA9 /* Debug */,
				BC2D35B61E671C9C0027CEA9 /* Release */,
			);
			defaultConfigurationIsVisible = 0;
			defaultConfigurationName = Release;
		};
		BC2D35B71E671C9C0027CEA9 /* Build configuration list for PBXNativeTarget "ScreenshotSharerTests" */ = {
			isa = XCConfigurationList;
			buildConfigurations = (
				BC2D35B81E671C9C0027CEA9 /* Debug */,
				BC2D35B91E671C9C0027CEA9 /* Release */,
			);
			defaultConfigurationIsVisible = 0;
			defaultConfigurationName = Release;
		};
		BC2D35BA1E671C9C0027CEA9 /* Build configuration list for PBXNativeTarget "ScreenshotSharerUITests" */ = {
			isa = XCConfigurationList;
			buildConfigurations = (
				BC2D35BB1E671C9C0027CEA9 /* Debug */,
				BC2D35BC1E671C9C0027CEA9 /* Release */,
			);
			defaultConfigurationIsVisible = 0;
			defaultConfigurationName = Release;
		};
/* End XCConfigurationList section */
	};
	rootObject = BC2D35841E671C9C0027CEA9 /* Project object */;
}
